// !$*UTF8*$!
{
	archiveVersion = 1;
	classes = {
	};
	objectVersion = 46;
	objects = {

/* Begin PBXBuildFile section */
		1D3623260D0F684500981E51 /* OscillatorAppDelegate.m in Sources */ = {isa = PBXBuildFile; fileRef = 1D3623250D0F684500981E51 /* OscillatorAppDelegate.m */; };
		1D60589B0D05DD56006BFB54 /* main.mm in Sources */ = {isa = PBXBuildFile; fileRef = 29B97316FDCFA39411CA2CEA /* main.mm */; };
		1D60589F0D05DD5A006BFB54 /* Foundation.framework in Frameworks */ = {isa = PBXBuildFile; fileRef = 1D30AB110D05D00D00671497 /* Foundation.framework */; };
		1DF5F4E00D08C38300B7A737 /* UIKit.framework in Frameworks */ = {isa = PBXBuildFile; fileRef = 1DF5F4DF0D08C38300B7A737 /* UIKit.framework */; };
		22E6DB83176A057500180546 /* libDataspaceLibIOS.a in Frameworks */ = {isa = PBXBuildFile; fileRef = 22E6DB82176A057500180546 /* libDataspaceLibIOS.a */; };
		22E6DB85176A058A00180546 /* libJamomaFoundationIOS.a in Frameworks */ = {isa = PBXBuildFile; fileRef = 22E6DB84176A058A00180546 /* libJamomaFoundationIOS.a */; };
		22E6DB87176A061500180546 /* libDSPiOS.a in Frameworks */ = {isa = PBXBuildFile; fileRef = 22E6DB86176A061500180546 /* libDSPiOS.a */; };
		22E6DB89176A061F00180546 /* libGraphIOS.a in Frameworks */ = {isa = PBXBuildFile; fileRef = 22E6DB88176A061F00180546 /* libGraphIOS.a */; };
		22E6DB8B176A062F00180546 /* libAudioGraphiOS.a in Frameworks */ = {isa = PBXBuildFile; fileRef = 22E6DB8A176A062F00180546 /* libAudioGraphiOS.a */; };
		280E754D0DD40C5E005A515E /* FlipsideView.xib in Resources */ = {isa = PBXBuildFile; fileRef = 280E754A0DD40C5E005A515E /* FlipsideView.xib */; };
		280E754E0DD40C5E005A515E /* MainView.xib in Resources */ = {isa = PBXBuildFile; fileRef = 280E754B0DD40C5E005A515E /* MainView.xib */; };
		280E754F0DD40C5E005A515E /* MainWindow.xib in Resources */ = {isa = PBXBuildFile; fileRef = 280E754C0DD40C5E005A515E /* MainWindow.xib */; };
		288765590DF743DE002DB57D /* CoreGraphics.framework in Frameworks */ = {isa = PBXBuildFile; fileRef = 288765580DF743DE002DB57D /* CoreGraphics.framework */; };
		289233AE0DB2D0DB0083E9F9 /* MainViewController.m in Sources */ = {isa = PBXBuildFile; fileRef = 289233A90DB2D0DB0083E9F9 /* MainViewController.m */; };
		289233B00DB2D0DB0083E9F9 /* FlipsideViewController.m in Sources */ = {isa = PBXBuildFile; fileRef = 289233AD0DB2D0DB0083E9F9 /* FlipsideViewController.m */; };
/* End PBXBuildFile section */

/* Begin PBXFileReference section */
		1D30AB110D05D00D00671497 /* Foundation.framework */ = {isa = PBXFileReference; lastKnownFileType = wrapper.framework; name = Foundation.framework; path = System/Library/Frameworks/Foundation.framework; sourceTree = SDKROOT; };
		1D3623240D0F684500981E51 /* OscillatorAppDelegate.h */ = {isa = PBXFileReference; fileEncoding = 4; lastKnownFileType = sourcecode.c.h; path = OscillatorAppDelegate.h; sourceTree = "<group>"; };
		1D3623250D0F684500981E51 /* OscillatorAppDelegate.m */ = {isa = PBXFileReference; fileEncoding = 4; lastKnownFileType = sourcecode.c.objc; path = OscillatorAppDelegate.m; sourceTree = "<group>"; };
		1D6058910D05DD3D006BFB54 /* Oscillator.app */ = {isa = PBXFileReference; explicitFileType = wrapper.application; includeInIndex = 0; path = Oscillator.app; sourceTree = BUILT_PRODUCTS_DIR; };
		1DF5F4DF0D08C38300B7A737 /* UIKit.framework */ = {isa = PBXFileReference; lastKnownFileType = wrapper.framework; name = UIKit.framework; path = System/Library/Frameworks/UIKit.framework; sourceTree = SDKROOT; };
		22E6DB32176A02F700180546 /* TTAudioGraph.h */ = {isa = PBXFileReference; lastKnownFileType = sourcecode.c.h; path = TTAudioGraph.h; sourceTree = "<group>"; };
		22E6DB33176A02F700180546 /* TTAudioGraphAPI.h */ = {isa = PBXFileReference; lastKnownFileType = sourcecode.c.h; path = TTAudioGraphAPI.h; sourceTree = "<group>"; };
		22E6DB34176A02F700180546 /* TTAudioGraphDescription.h */ = {isa = PBXFileReference; lastKnownFileType = sourcecode.c.h; path = TTAudioGraphDescription.h; sourceTree = "<group>"; };
		22E6DB35176A02F700180546 /* TTAudioGraphGenerator.h */ = {isa = PBXFileReference; lastKnownFileType = sourcecode.c.h; path = TTAudioGraphGenerator.h; sourceTree = "<group>"; };
		22E6DB36176A02F700180546 /* TTAudioGraphInlet.h */ = {isa = PBXFileReference; lastKnownFileType = sourcecode.c.h; path = TTAudioGraphInlet.h; sourceTree = "<group>"; };
		22E6DB37176A02F700180546 /* TTAudioGraphInput.h */ = {isa = PBXFileReference; lastKnownFileType = sourcecode.c.h; path = TTAudioGraphInput.h; sourceTree = "<group>"; };
		22E6DB38176A02F700180546 /* TTAudioGraphObject.h */ = {isa = PBXFileReference; lastKnownFileType = sourcecode.c.h; path = TTAudioGraphObject.h; sourceTree = "<group>"; };
		22E6DB39176A02F700180546 /* TTAudioGraphOutlet.h */ = {isa = PBXFileReference; lastKnownFileType = sourcecode.c.h; path = TTAudioGraphOutlet.h; sourceTree = "<group>"; };
		22E6DB3A176A02F700180546 /* TTAudioGraphOutput.h */ = {isa = PBXFileReference; lastKnownFileType = sourcecode.c.h; path = TTAudioGraphOutput.h; sourceTree = "<group>"; };
		22E6DB3B176A02F700180546 /* TTAudioGraphSource.h */ = {isa = PBXFileReference; lastKnownFileType = sourcecode.c.h; path = TTAudioGraphSource.h; sourceTree = "<group>"; };
		22E6DB3D176A030300180546 /* TTGraph.h */ = {isa = PBXFileReference; lastKnownFileType = sourcecode.c.h; path = TTGraph.h; sourceTree = "<group>"; };
		22E6DB3E176A030300180546 /* TTGraphAPI.h */ = {isa = PBXFileReference; lastKnownFileType = sourcecode.c.h; path = TTGraphAPI.h; sourceTree = "<group>"; };
		22E6DB3F176A030300180546 /* TTGraphDescription.h */ = {isa = PBXFileReference; lastKnownFileType = sourcecode.c.h; path = TTGraphDescription.h; sourceTree = "<group>"; };
		22E6DB40176A030300180546 /* TTGraphDestination.h */ = {isa = PBXFileReference; lastKnownFileType = sourcecode.c.h; path = TTGraphDestination.h; sourceTree = "<group>"; };
		22E6DB41176A030300180546 /* TTGraphInlet.h */ = {isa = PBXFileReference; lastKnownFileType = sourcecode.c.h; path = TTGraphInlet.h; sourceTree = "<group>"; };
		22E6DB42176A030300180546 /* TTGraphInput.h */ = {isa = PBXFileReference; lastKnownFileType = sourcecode.c.h; path = TTGraphInput.h; sourceTree = "<group>"; };
		22E6DB43176A030300180546 /* TTGraphObject.h */ = {isa = PBXFileReference; lastKnownFileType = sourcecode.c.h; path = TTGraphObject.h; sourceTree = "<group>"; };
		22E6DB44176A030300180546 /* TTGraphOutlet.h */ = {isa = PBXFileReference; lastKnownFileType = sourcecode.c.h; path = TTGraphOutlet.h; sourceTree = "<group>"; };
		22E6DB45176A030300180546 /* TTGraphOutput.h */ = {isa = PBXFileReference; lastKnownFileType = sourcecode.c.h; path = TTGraphOutput.h; sourceTree = "<group>"; };
		22E6DB46176A030300180546 /* TTGraphSource.h */ = {isa = PBXFileReference; lastKnownFileType = sourcecode.c.h; path = TTGraphSource.h; sourceTree = "<group>"; };
		22E6DB47176A030300180546 /* TTParameter.h */ = {isa = PBXFileReference; lastKnownFileType = sourcecode.c.h; path = TTParameter.h; sourceTree = "<group>"; };
		22E6DB49176A031000180546 /* TTAddress.h */ = {isa = PBXFileReference; lastKnownFileType = sourcecode.c.h; path = TTAddress.h; sourceTree = "<group>"; };
		22E6DB4A176A031000180546 /* TTAddressBase.h */ = {isa = PBXFileReference; lastKnownFileType = sourcecode.c.h; path = TTAddressBase.h; sourceTree = "<group>"; };
		22E6DB4B176A031000180546 /* TTAddressCache.h */ = {isa = PBXFileReference; lastKnownFileType = sourcecode.c.h; path = TTAddressCache.h; sourceTree = "<group>"; };
		22E6DB4C176A031000180546 /* TTAddressItem.h */ = {isa = PBXFileReference; lastKnownFileType = sourcecode.c.h; path = TTAddressItem.h; sourceTree = "<group>"; };
		22E6DB4D176A031000180546 /* TTAddressTable.h */ = {isa = PBXFileReference; lastKnownFileType = sourcecode.c.h; path = TTAddressTable.h; sourceTree = "<group>"; };
		22E6DB4E176A031000180546 /* TTAttribute.h */ = {isa = PBXFileReference; lastKnownFileType = sourcecode.c.h; path = TTAttribute.h; sourceTree = "<group>"; };
		22E6DB4F176A031000180546 /* TTBase.h */ = {isa = PBXFileReference; lastKnownFileType = sourcecode.c.h; path = TTBase.h; sourceTree = "<group>"; };
		22E6DB50176A031000180546 /* TTCallback.h */ = {isa = PBXFileReference; lastKnownFileType = sourcecode.c.h; path = TTCallback.h; sourceTree = "<group>"; };
		22E6DB51176A031000180546 /* TTClass.h */ = {isa = PBXFileReference; lastKnownFileType = sourcecode.c.h; path = TTClass.h; sourceTree = "<group>"; };
		22E6DB52176A031000180546 /* TTDataObjectBase.h */ = {isa = PBXFileReference; lastKnownFileType = sourcecode.c.h; path = TTDataObjectBase.h; sourceTree = "<group>"; };
		22E6DB53176A031000180546 /* TTDictionary.h */ = {isa = PBXFileReference; lastKnownFileType = sourcecode.c.h; path = TTDictionary.h; sourceTree = "<group>"; };
		22E6DB54176A031000180546 /* TTElement.h */ = {isa = PBXFileReference; lastKnownFileType = sourcecode.c.h; path = TTElement.h; sourceTree = "<group>"; };
		22E6DB55176A031000180546 /* TTEnvironment.h */ = {isa = PBXFileReference; lastKnownFileType = sourcecode.c.h; path = TTEnvironment.h; sourceTree = "<group>"; };
		22E6DB56176A031000180546 /* TTFifo.h */ = {isa = PBXFileReference; lastKnownFileType = sourcecode.c.h; path = TTFifo.h; sourceTree = "<group>"; };
		22E6DB57176A031000180546 /* TTFoundation.h */ = {isa = PBXFileReference; lastKnownFileType = sourcecode.c.h; path = TTFoundation.h; sourceTree = "<group>"; };
		22E6DB58176A031000180546 /* TTFoundationAPI.h */ = {isa = PBXFileReference; lastKnownFileType = sourcecode.c.h; path = TTFoundationAPI.h; sourceTree = "<group>"; };
		22E6DB59176A031000180546 /* TTHash.h */ = {isa = PBXFileReference; lastKnownFileType = sourcecode.c.h; path = TTHash.h; sourceTree = "<group>"; };
		22E6DB5A176A031000180546 /* TTInterpolate.h */ = {isa = PBXFileReference; lastKnownFileType = sourcecode.c.h; path = TTInterpolate.h; sourceTree = "<group>"; };
		22E6DB5B176A031000180546 /* TTLimits.h */ = {isa = PBXFileReference; lastKnownFileType = sourcecode.c.h; path = TTLimits.h; sourceTree = "<group>"; };
		22E6DB5C176A031000180546 /* TTList.h */ = {isa = PBXFileReference; lastKnownFileType = sourcecode.c.h; path = TTList.h; sourceTree = "<group>"; };
		22E6DB5D176A031000180546 /* TTMatrix.h */ = {isa = PBXFileReference; lastKnownFileType = sourcecode.c.h; path = TTMatrix.h; sourceTree = "<group>"; };
		22E6DB5E176A031000180546 /* TTMatrixArray.h */ = {isa = PBXFileReference; lastKnownFileType = sourcecode.c.h; path = TTMatrixArray.h; sourceTree = "<group>"; };
		22E6DB5F176A031000180546 /* TTMessage.h */ = {isa = PBXFileReference; lastKnownFileType = sourcecode.c.h; path = TTMessage.h; sourceTree = "<group>"; };
		22E6DB60176A031000180546 /* TTMutex.h */ = {isa = PBXFileReference; lastKnownFileType = sourcecode.c.h; path = TTMutex.h; sourceTree = "<group>"; };
		22E6DB61176A031000180546 /* TTNode.h */ = {isa = PBXFileReference; lastKnownFileType = sourcecode.c.h; path = TTNode.h; sourceTree = "<group>"; };
		22E6DB62176A031000180546 /* TTNodeDirectory.h */ = {isa = PBXFileReference; lastKnownFileType = sourcecode.c.h; path = TTNodeDirectory.h; sourceTree = "<group>"; };
		22E6DB63176A031000180546 /* TTNodeLib.h */ = {isa = PBXFileReference; lastKnownFileType = sourcecode.c.h; path = TTNodeLib.h; sourceTree = "<group>"; };
		22E6DB64176A031000180546 /* TTObject.h */ = {isa = PBXFileReference; lastKnownFileType = sourcecode.c.h; path = TTObject.h; sourceTree = "<group>"; };
		22E6DB65176A031000180546 /* TTObjectBase.h */ = {isa = PBXFileReference; lastKnownFileType = sourcecode.c.h; path = TTObjectBase.h; sourceTree = "<group>"; };
		22E6DB66176A031000180546 /* TTPath.h */ = {isa = PBXFileReference; lastKnownFileType = sourcecode.c.h; path = TTPath.h; sourceTree = "<group>"; };
		22E6DB67176A031000180546 /* TTQueue.h */ = {isa = PBXFileReference; lastKnownFileType = sourcecode.c.h; path = TTQueue.h; sourceTree = "<group>"; };
		22E6DB68176A031000180546 /* TTRegex.h */ = {isa = PBXFileReference; lastKnownFileType = sourcecode.c.h; path = TTRegex.h; sourceTree = "<group>"; };
		22E6DB69176A031000180546 /* TTString.h */ = {isa = PBXFileReference; lastKnownFileType = sourcecode.c.h; path = TTString.h; sourceTree = "<group>"; };
		22E6DB6A176A031000180546 /* TTSymbol.h */ = {isa = PBXFileReference; lastKnownFileType = sourcecode.c.h; path = TTSymbol.h; sourceTree = "<group>"; };
		22E6DB6B176A031000180546 /* TTSymbolBase.h */ = {isa = PBXFileReference; lastKnownFileType = sourcecode.c.h; path = TTSymbolBase.h; sourceTree = "<group>"; };
		22E6DB6C176A031000180546 /* TTSymbolCache.h */ = {isa = PBXFileReference; lastKnownFileType = sourcecode.c.h; path = TTSymbolCache.h; sourceTree = "<group>"; };
		22E6DB6D176A031000180546 /* TTSymbolTable.h */ = {isa = PBXFileReference; lastKnownFileType = sourcecode.c.h; path = TTSymbolTable.h; sourceTree = "<group>"; };
		22E6DB6E176A031000180546 /* TTThread.h */ = {isa = PBXFileReference; lastKnownFileType = sourcecode.c.h; path = TTThread.h; sourceTree = "<group>"; };
		22E6DB6F176A031000180546 /* TTUnitTest.h */ = {isa = PBXFileReference; lastKnownFileType = sourcecode.c.h; path = TTUnitTest.h; sourceTree = "<group>"; };
		22E6DB70176A031000180546 /* TTValue.h */ = {isa = PBXFileReference; lastKnownFileType = sourcecode.c.h; path = TTValue.h; sourceTree = "<group>"; };
		22E6DB71176A031000180546 /* TTValueCache.h */ = {isa = PBXFileReference; lastKnownFileType = sourcecode.c.h; path = TTValueCache.h; sourceTree = "<group>"; };
		22E6DB73176A032100180546 /* TTAudioEngine.h */ = {isa = PBXFileReference; lastKnownFileType = sourcecode.c.h; path = TTAudioEngine.h; sourceTree = "<group>"; };
		22E6DB74176A032100180546 /* TTAudioObject.h */ = {isa = PBXFileReference; lastKnownFileType = sourcecode.c.h; path = TTAudioObject.h; sourceTree = "<group>"; };
		22E6DB75176A032100180546 /* TTAudioObjectArray.h */ = {isa = PBXFileReference; lastKnownFileType = sourcecode.c.h; path = TTAudioObjectArray.h; sourceTree = "<group>"; };
		22E6DB76176A032100180546 /* TTAudioObjectBase.h */ = {isa = PBXFileReference; lastKnownFileType = sourcecode.c.h; path = TTAudioObjectBase.h; sourceTree = "<group>"; };
		22E6DB77176A032100180546 /* TTAudioSignal.h */ = {isa = PBXFileReference; lastKnownFileType = sourcecode.c.h; path = TTAudioSignal.h; sourceTree = "<group>"; };
		22E6DB78176A032100180546 /* TTAudioSignalArray.h */ = {isa = PBXFileReference; lastKnownFileType = sourcecode.c.h; path = TTAudioSignalArray.h; sourceTree = "<group>"; };
		22E6DB79176A032100180546 /* TTBuffer.h */ = {isa = PBXFileReference; lastKnownFileType = sourcecode.c.h; path = TTBuffer.h; sourceTree = "<group>"; };
		22E6DB7A176A032100180546 /* TTDelay.h */ = {isa = PBXFileReference; lastKnownFileType = sourcecode.c.h; path = TTDelay.h; sourceTree = "<group>"; };
		22E6DB7B176A032100180546 /* TTDelayBuffer.h */ = {isa = PBXFileReference; lastKnownFileType = sourcecode.c.h; path = TTDelayBuffer.h; sourceTree = "<group>"; };
		22E6DB7C176A032100180546 /* TTDSP.h */ = {isa = PBXFileReference; lastKnownFileType = sourcecode.c.h; path = TTDSP.h; sourceTree = "<group>"; };
		22E6DB7D176A032100180546 /* TTSampleMatrix.h */ = {isa = PBXFileReference; lastKnownFileType = sourcecode.c.h; path = TTSampleMatrix.h; sourceTree = "<group>"; };
		22E6DB82176A057500180546 /* libDataspaceLibIOS.a */ = {isa = PBXFileReference; lastKnownFileType = archive.ar; name = libDataspaceLibIOS.a; path = ../../../Core/Foundation/extensions/DataspaceLib/build/libDataspaceLibIOS.a; sourceTree = "<group>"; };
		22E6DB84176A058A00180546 /* libJamomaFoundationIOS.a */ = {isa = PBXFileReference; lastKnownFileType = archive.ar; name = libJamomaFoundationIOS.a; path = ../../../Core/Foundation/library/build/libJamomaFoundationIOS.a; sourceTree = "<group>"; };
		22E6DB86176A061500180546 /* libDSPiOS.a */ = {isa = PBXFileReference; lastKnownFileType = archive.ar; name = libDSPiOS.a; path = ../../../Core/DSP/library/build/libDSPiOS.a; sourceTree = "<group>"; };
		22E6DB88176A061F00180546 /* libGraphIOS.a */ = {isa = PBXFileReference; lastKnownFileType = archive.ar; name = libGraphIOS.a; path = ../../../Core/Graph/library/build/libGraphIOS.a; sourceTree = "<group>"; };
		22E6DB8A176A062F00180546 /* libAudioGraphiOS.a */ = {isa = PBXFileReference; lastKnownFileType = archive.ar; name = libAudioGraphiOS.a; path = ../../../Core/AudioGraph/library/build/libAudioGraphiOS.a; sourceTree = "<group>"; };
		280E754A0DD40C5E005A515E /* FlipsideView.xib */ = {isa = PBXFileReference; lastKnownFileType = file.xib; path = FlipsideView.xib; sourceTree = "<group>"; };
		280E754B0DD40C5E005A515E /* MainView.xib */ = {isa = PBXFileReference; lastKnownFileType = file.xib; path = MainView.xib; sourceTree = "<group>"; };
		280E754C0DD40C5E005A515E /* MainWindow.xib */ = {isa = PBXFileReference; lastKnownFileType = file.xib; path = MainWindow.xib; sourceTree = "<group>"; };
		288765580DF743DE002DB57D /* CoreGraphics.framework */ = {isa = PBXFileReference; lastKnownFileType = wrapper.framework; name = CoreGraphics.framework; path = System/Library/Frameworks/CoreGraphics.framework; sourceTree = SDKROOT; };
		289233A80DB2D0DB0083E9F9 /* MainViewController.h */ = {isa = PBXFileReference; fileEncoding = 4; lastKnownFileType = sourcecode.c.h; name = MainViewController.h; path = Classes/MainViewController.h; sourceTree = "<group>"; };
		289233A90DB2D0DB0083E9F9 /* MainViewController.m */ = {isa = PBXFileReference; fileEncoding = 4; lastKnownFileType = sourcecode.c.objc; name = MainViewController.m; path = Classes/MainViewController.m; sourceTree = "<group>"; };
		289233AC0DB2D0DB0083E9F9 /* FlipsideViewController.h */ = {isa = PBXFileReference; fileEncoding = 4; lastKnownFileType = sourcecode.c.h; name = FlipsideViewController.h; path = Classes/FlipsideViewController.h; sourceTree = "<group>"; };
		289233AD0DB2D0DB0083E9F9 /* FlipsideViewController.m */ = {isa = PBXFileReference; fileEncoding = 4; lastKnownFileType = sourcecode.c.objc; name = FlipsideViewController.m; path = Classes/FlipsideViewController.m; sourceTree = "<group>"; };
		29B97316FDCFA39411CA2CEA /* main.mm */ = {isa = PBXFileReference; fileEncoding = 4; lastKnownFileType = sourcecode.cpp.objcpp; path = main.mm; sourceTree = "<group>"; };
		32CA4F630368D1EE00C91783 /* Oscillator_Prefix.pch */ = {isa = PBXFileReference; fileEncoding = 4; lastKnownFileType = sourcecode.c.h; path = Oscillator_Prefix.pch; sourceTree = "<group>"; };
		8D1107310486CEB800E47090 /* Oscillator-Info.plist */ = {isa = PBXFileReference; fileEncoding = 4; lastKnownFileType = text.plist.xml; path = "Oscillator-Info.plist"; plistStructureDefinitionIdentifier = "com.apple.xcode.plist.structure-definition.iphone.info-plist"; sourceTree = "<group>"; };
/* End PBXFileReference section */

/* Begin PBXFrameworksBuildPhase section */
		1D60588F0D05DD3D006BFB54 /* Frameworks */ = {
			isa = PBXFrameworksBuildPhase;
			buildActionMask = 2147483647;
			files = (
				1D60589F0D05DD5A006BFB54 /* Foundation.framework in Frameworks */,
				1DF5F4E00D08C38300B7A737 /* UIKit.framework in Frameworks */,
				288765590DF743DE002DB57D /* CoreGraphics.framework in Frameworks */,
				22E6DB83176A057500180546 /* libDataspaceLibIOS.a in Frameworks */,
				22E6DB85176A058A00180546 /* libJamomaFoundationIOS.a in Frameworks */,
				22E6DB87176A061500180546 /* libDSPiOS.a in Frameworks */,
				22E6DB89176A061F00180546 /* libGraphIOS.a in Frameworks */,
				22E6DB8B176A062F00180546 /* libAudioGraphiOS.a in Frameworks */,
			);
			runOnlyForDeploymentPostprocessing = 0;
		};
/* End PBXFrameworksBuildPhase section */

/* Begin PBXGroup section */
		080E96DDFE201D6D7F000001 /* Application Delegate */ = {
			isa = PBXGroup;
			children = (
				1D3623240D0F684500981E51 /* OscillatorAppDelegate.h */,
				1D3623250D0F684500981E51 /* OscillatorAppDelegate.m */,
			);
			name = "Application Delegate";
			path = Classes;
			sourceTree = "<group>";
		};
		19C28FACFE9D520D11CA2CBB /* Products */ = {
			isa = PBXGroup;
			children = (
				1D6058910D05DD3D006BFB54 /* Oscillator.app */,
			);
			name = Products;
			sourceTree = "<group>";
		};
		22E6DB31176A02F700180546 /* AudioGraph-includes */ = {
			isa = PBXGroup;
			children = (
				22E6DB32176A02F700180546 /* TTAudioGraph.h */,
				22E6DB33176A02F700180546 /* TTAudioGraphAPI.h */,
				22E6DB34176A02F700180546 /* TTAudioGraphDescription.h */,
				22E6DB35176A02F700180546 /* TTAudioGraphGenerator.h */,
				22E6DB36176A02F700180546 /* TTAudioGraphInlet.h */,
				22E6DB37176A02F700180546 /* TTAudioGraphInput.h */,
				22E6DB38176A02F700180546 /* TTAudioGraphObject.h */,
				22E6DB39176A02F700180546 /* TTAudioGraphOutlet.h */,
				22E6DB3A176A02F700180546 /* TTAudioGraphOutput.h */,
				22E6DB3B176A02F700180546 /* TTAudioGraphSource.h */,
			);
			name = "AudioGraph-includes";
			path = ../../../Core/AudioGraph/library/includes;
			sourceTree = "<group>";
		};
		22E6DB3C176A030300180546 /* Graph-includes */ = {
			isa = PBXGroup;
			children = (
				22E6DB3D176A030300180546 /* TTGraph.h */,
				22E6DB3E176A030300180546 /* TTGraphAPI.h */,
				22E6DB3F176A030300180546 /* TTGraphDescription.h */,
				22E6DB40176A030300180546 /* TTGraphDestination.h */,
				22E6DB41176A030300180546 /* TTGraphInlet.h */,
				22E6DB42176A030300180546 /* TTGraphInput.h */,
				22E6DB43176A030300180546 /* TTGraphObject.h */,
				22E6DB44176A030300180546 /* TTGraphOutlet.h */,
				22E6DB45176A030300180546 /* TTGraphOutput.h */,
				22E6DB46176A030300180546 /* TTGraphSource.h */,
				22E6DB47176A030300180546 /* TTParameter.h */,
			);
			name = "Graph-includes";
			path = ../../../Core/Graph/library/includes;
			sourceTree = "<group>";
		};
		22E6DB48176A031000180546 /* Foundation-includes */ = {
			isa = PBXGroup;
			children = (
				22E6DB49176A031000180546 /* TTAddress.h */,
				22E6DB4A176A031000180546 /* TTAddressBase.h */,
				22E6DB4B176A031000180546 /* TTAddressCache.h */,
				22E6DB4C176A031000180546 /* TTAddressItem.h */,
				22E6DB4D176A031000180546 /* TTAddressTable.h */,
				22E6DB4E176A031000180546 /* TTAttribute.h */,
				22E6DB4F176A031000180546 /* TTBase.h */,
				22E6DB50176A031000180546 /* TTCallback.h */,
				22E6DB51176A031000180546 /* TTClass.h */,
				22E6DB52176A031000180546 /* TTDataObjectBase.h */,
				22E6DB53176A031000180546 /* TTDictionary.h */,
				22E6DB54176A031000180546 /* TTElement.h */,
				22E6DB55176A031000180546 /* TTEnvironment.h */,
				22E6DB56176A031000180546 /* TTFifo.h */,
				22E6DB57176A031000180546 /* TTFoundation.h */,
				22E6DB58176A031000180546 /* TTFoundationAPI.h */,
				22E6DB59176A031000180546 /* TTHash.h */,
				22E6DB5A176A031000180546 /* TTInterpolate.h */,
				22E6DB5B176A031000180546 /* TTLimits.h */,
				22E6DB5C176A031000180546 /* TTList.h */,
				22E6DB5D176A031000180546 /* TTMatrix.h */,
				22E6DB5E176A031000180546 /* TTMatrixArray.h */,
				22E6DB5F176A031000180546 /* TTMessage.h */,
				22E6DB60176A031000180546 /* TTMutex.h */,
				22E6DB61176A031000180546 /* TTNode.h */,
				22E6DB62176A031000180546 /* TTNodeDirectory.h */,
				22E6DB63176A031000180546 /* TTNodeLib.h */,
				22E6DB64176A031000180546 /* TTObject.h */,
				22E6DB65176A031000180546 /* TTObjectBase.h */,
				22E6DB66176A031000180546 /* TTPath.h */,
				22E6DB67176A031000180546 /* TTQueue.h */,
				22E6DB68176A031000180546 /* TTRegex.h */,
				22E6DB69176A031000180546 /* TTString.h */,
				22E6DB6A176A031000180546 /* TTSymbol.h */,
				22E6DB6B176A031000180546 /* TTSymbolBase.h */,
				22E6DB6C176A031000180546 /* TTSymbolCache.h */,
				22E6DB6D176A031000180546 /* TTSymbolTable.h */,
				22E6DB6E176A031000180546 /* TTThread.h */,
				22E6DB6F176A031000180546 /* TTUnitTest.h */,
				22E6DB70176A031000180546 /* TTValue.h */,
				22E6DB71176A031000180546 /* TTValueCache.h */,
			);
			name = "Foundation-includes";
			path = ../../../Core/Foundation/library/includes;
			sourceTree = "<group>";
		};
		22E6DB72176A032100180546 /* DSP-includes */ = {
			isa = PBXGroup;
			children = (
				22E6DB73176A032100180546 /* TTAudioEngine.h */,
				22E6DB74176A032100180546 /* TTAudioObject.h */,
				22E6DB75176A032100180546 /* TTAudioObjectArray.h */,
				22E6DB76176A032100180546 /* TTAudioObjectBase.h */,
				22E6DB77176A032100180546 /* TTAudioSignal.h */,
				22E6DB78176A032100180546 /* TTAudioSignalArray.h */,
				22E6DB79176A032100180546 /* TTBuffer.h */,
				22E6DB7A176A032100180546 /* TTDelay.h */,
				22E6DB7B176A032100180546 /* TTDelayBuffer.h */,
				22E6DB7C176A032100180546 /* TTDSP.h */,
				22E6DB7D176A032100180546 /* TTSampleMatrix.h */,
			);
			name = "DSP-includes";
			path = ../../../Core/DSP/library/includes;
			sourceTree = "<group>";
		};
		281C6CD70DB2D82200F60ACC /* Flipside View */ = {
			isa = PBXGroup;
			children = (
				289233AC0DB2D0DB0083E9F9 /* FlipsideViewController.h */,
				289233AD0DB2D0DB0083E9F9 /* FlipsideViewController.m */,
			);
			name = "Flipside View";
			sourceTree = "<group>";
		};
		289233A00DB2D0730083E9F9 /* Main View */ = {
			isa = PBXGroup;
			children = (
				289233A80DB2D0DB0083E9F9 /* MainViewController.h */,
				289233A90DB2D0DB0083E9F9 /* MainViewController.m */,
			);
			name = "Main View";
			sourceTree = "<group>";
		};
		29B97314FDCFA39411CA2CEA /* CustomTemplate */ = {
			isa = PBXGroup;
			children = (
				289233A00DB2D0730083E9F9 /* Main View */,
				281C6CD70DB2D82200F60ACC /* Flipside View */,
				080E96DDFE201D6D7F000001 /* Application Delegate */,
				29B97315FDCFA39411CA2CEA /* Other Sources */,
				29B97317FDCFA39411CA2CEA /* Resources */,
				22E6DB31176A02F700180546 /* AudioGraph-includes */,
				22E6DB3C176A030300180546 /* Graph-includes */,
				22E6DB72176A032100180546 /* DSP-includes */,
				22E6DB48176A031000180546 /* Foundation-includes */,
				29B97323FDCFA39411CA2CEA /* Frameworks */,
				19C28FACFE9D520D11CA2CBB /* Products */,
			);
			name = CustomTemplate;
			sourceTree = "<group>";
		};
		29B97315FDCFA39411CA2CEA /* Other Sources */ = {
			isa = PBXGroup;
			children = (
				32CA4F630368D1EE00C91783 /* Oscillator_Prefix.pch */,
				29B97316FDCFA39411CA2CEA /* main.mm */,
			);
			name = "Other Sources";
			sourceTree = "<group>";
		};
		29B97317FDCFA39411CA2CEA /* Resources */ = {
			isa = PBXGroup;
			children = (
				280E754A0DD40C5E005A515E /* FlipsideView.xib */,
				280E754B0DD40C5E005A515E /* MainView.xib */,
				280E754C0DD40C5E005A515E /* MainWindow.xib */,
				8D1107310486CEB800E47090 /* Oscillator-Info.plist */,
			);
			name = Resources;
			sourceTree = "<group>";
		};
		29B97323FDCFA39411CA2CEA /* Frameworks */ = {
			isa = PBXGroup;
			children = (
				22E6DB84176A058A00180546 /* libJamomaFoundationIOS.a */,
				22E6DB86176A061500180546 /* libDSPiOS.a */,
				22E6DB88176A061F00180546 /* libGraphIOS.a */,
				22E6DB8A176A062F00180546 /* libAudioGraphiOS.a */,
				22E6DB82176A057500180546 /* libDataspaceLibIOS.a */,
				1DF5F4DF0D08C38300B7A737 /* UIKit.framework */,
				1D30AB110D05D00D00671497 /* Foundation.framework */,
				288765580DF743DE002DB57D /* CoreGraphics.framework */,
			);
			name = Frameworks;
			sourceTree = "<group>";
		};
/* End PBXGroup section */

/* Begin PBXNativeTarget section */
		1D6058900D05DD3D006BFB54 /* Oscillator */ = {
			isa = PBXNativeTarget;
			buildConfigurationList = 1D6058960D05DD3E006BFB54 /* Build configuration list for PBXNativeTarget "Oscillator" */;
			buildPhases = (
				1D60588D0D05DD3D006BFB54 /* Resources */,
				1D60588E0D05DD3D006BFB54 /* Sources */,
				1D60588F0D05DD3D006BFB54 /* Frameworks */,
			);
			buildRules = (
			);
			dependencies = (
			);
			name = Oscillator;
			productName = Oscillator;
			productReference = 1D6058910D05DD3D006BFB54 /* Oscillator.app */;
			productType = "com.apple.product-type.application";
		};
/* End PBXNativeTarget section */

/* Begin PBXProject section */
		29B97313FDCFA39411CA2CEA /* Project object */ = {
			isa = PBXProject;
			attributes = {
				LastUpgradeCheck = 0420;
			};
			buildConfigurationList = C01FCF4E08A954540054247B /* Build configuration list for PBXProject "Oscillator" */;
			compatibilityVersion = "Xcode 3.2";
			developmentRegion = English;
			hasScannedForEncodings = 1;
			knownRegions = (
				English,
				Japanese,
				French,
				German,
				en,
			);
			mainGroup = 29B97314FDCFA39411CA2CEA /* CustomTemplate */;
			projectDirPath = "";
			projectRoot = "";
			targets = (
				1D6058900D05DD3D006BFB54 /* Oscillator */,
			);
		};
/* End PBXProject section */

/* Begin PBXResourcesBuildPhase section */
		1D60588D0D05DD3D006BFB54 /* Resources */ = {
			isa = PBXResourcesBuildPhase;
			buildActionMask = 2147483647;
			files = (
				280E754D0DD40C5E005A515E /* FlipsideView.xib in Resources */,
				280E754E0DD40C5E005A515E /* MainView.xib in Resources */,
				280E754F0DD40C5E005A515E /* MainWindow.xib in Resources */,
			);
			runOnlyForDeploymentPostprocessing = 0;
		};
/* End PBXResourcesBuildPhase section */

/* Begin PBXSourcesBuildPhase section */
		1D60588E0D05DD3D006BFB54 /* Sources */ = {
			isa = PBXSourcesBuildPhase;
			buildActionMask = 2147483647;
			files = (
				1D60589B0D05DD56006BFB54 /* main.mm in Sources */,
				1D3623260D0F684500981E51 /* OscillatorAppDelegate.m in Sources */,
				289233AE0DB2D0DB0083E9F9 /* MainViewController.m in Sources */,
				289233B00DB2D0DB0083E9F9 /* FlipsideViewController.m in Sources */,
			);
			runOnlyForDeploymentPostprocessing = 0;
		};
/* End PBXSourcesBuildPhase section */

/* Begin XCBuildConfiguration section */
		1D6058940D05DD3E006BFB54 /* Debug */ = {
			isa = XCBuildConfiguration;
			buildSettings = {
				ALWAYS_SEARCH_USER_PATHS = NO;
				CLANG_CXX_LANGUAGE_STANDARD = "c++0x";
				CLANG_CXX_LIBRARY = "libc++";
				COPY_PHASE_STRIP = NO;
				GCC_DYNAMIC_NO_PIC = NO;
				GCC_OPTIMIZATION_LEVEL = 0;
				GCC_PRECOMPILE_PREFIX_HEADER = YES;
				GCC_PREFIX_HEADER = Oscillator_Prefix.pch;
				INFOPLIST_FILE = "Oscillator-Info.plist";
				LIBRARY_SEARCH_PATHS = (
					"$(inherited)",
					"\"$(SRCROOT)/../../../Core/Foundation/extensions/DataspaceLib/build\"",
					"\"$(SRCROOT)/../../../Core/Foundation/library/build\"",
					"\"$(SRCROOT)/../../../Core/DSP/library/build\"",
					"\"$(SRCROOT)/../../../Core/Graph/library/build\"",
					"\"$(SRCROOT)/../../../Core/AudioGraph/library/build\"",
				);
				PRODUCT_NAME = Oscillator;
			};
			name = Debug;
		};
		1D6058950D05DD3E006BFB54 /* Release */ = {
			isa = XCBuildConfiguration;
			buildSettings = {
				ALWAYS_SEARCH_USER_PATHS = NO;
				CLANG_CXX_LANGUAGE_STANDARD = "c++0x";
				CLANG_CXX_LIBRARY = "libc++";
				COPY_PHASE_STRIP = YES;
				GCC_PRECOMPILE_PREFIX_HEADER = YES;
				GCC_PREFIX_HEADER = Oscillator_Prefix.pch;
				INFOPLIST_FILE = "Oscillator-Info.plist";
				LIBRARY_SEARCH_PATHS = (
					"$(inherited)",
					"\"$(SRCROOT)/../../../Core/Foundation/extensions/DataspaceLib/build\"",
					"\"$(SRCROOT)/../../../Core/Foundation/library/build\"",
					"\"$(SRCROOT)/../../../Core/DSP/library/build\"",
					"\"$(SRCROOT)/../../../Core/Graph/library/build\"",
					"\"$(SRCROOT)/../../../Core/AudioGraph/library/build\"",
				);
				PRODUCT_NAME = Oscillator;
				VALIDATE_PRODUCT = YES;
			};
			name = Release;
		};
		C01FCF4F08A954540054247B /* Debug */ = {
			isa = XCBuildConfiguration;
			buildSettings = {
				ARCHS = "$(ARCHS_STANDARD_32_BIT)";
				"CODE_SIGN_IDENTITY[sdk=iphoneos*]" = "iPhone Developer";
				GCC_C_LANGUAGE_STANDARD = c99;
				GCC_WARN_ABOUT_RETURN_TYPE = YES;
				GCC_WARN_UNUSED_VARIABLE = YES;
				SDKROOT = iphoneos;
			};
			name = Debug;
		};
		C01FCF5008A954540054247B /* Release */ = {
			isa = XCBuildConfiguration;
			buildSettings = {
				ARCHS = "$(ARCHS_STANDARD_32_BIT)";
				"CODE_SIGN_IDENTITY[sdk=iphoneos*]" = "iPhone Developer";
				GCC_C_LANGUAGE_STANDARD = c99;
				GCC_WARN_ABOUT_RETURN_TYPE = YES;
				GCC_WARN_UNUSED_VARIABLE = YES;
				OTHER_CFLAGS = "-DNS_BLOCK_ASSERTIONS=1";
				SDKROOT = iphoneos;
			};
			name = Release;
		};
/* End XCBuildConfiguration section */

/* Begin XCConfigurationList section */
		1D6058960D05DD3E006BFB54 /* Build configuration list for PBXNativeTarget "Oscillator" */ = {
			isa = XCConfigurationList;
			buildConfigurations = (
				1D6058940D05DD3E006BFB54 /* Debug */,
				1D6058950D05DD3E006BFB54 /* Release */,
			);
			defaultConfigurationIsVisible = 0;
			defaultConfigurationName = Release;
		};
		C01FCF4E08A954540054247B /* Build configuration list for PBXProject "Oscillator" */ = {
			isa = XCConfigurationList;
			buildConfigurations = (
				C01FCF4F08A954540054247B /* Debug */,
				C01FCF5008A954540054247B /* Release */,
			);
			defaultConfigurationIsVisible = 0;
			defaultConfigurationName = Release;
		};
/* End XCConfigurationList section */
	};
	rootObject = 29B97313FDCFA39411CA2CEA /* Project object */;
}
